
Microsoft Visual Studio Solution File, Format Version 12.00
# Visual Studio Version 17
VisualStudioVersion = 17.9.34723.18
MinimumVisualStudioVersion = 10.0.40219.1
Project("{9A19103F-16F7-4668-BE54-9A1E7A4F7556}") = "IOQ9ET_HSZF_2024251.Application", "IOQ9ET_HSZF_2024251.Application\IOQ9ET_HSZF_2024251.Application.csproj", "{412F24FF-328A-465B-899E-6D61CF978EE6}"
EndProject
Project("{9A19103F-16F7-4668-BE54-9A1E7A4F7556}") = "IOQ9ET_HSZF_2024251.Model", "IOQ9ET_HSZF_2024251.Model\IOQ9ET_HSZF_2024251.Model.csproj", "{D9584731-EDED-4CC8-B977-31871DA05822}"
EndProject
Project("{9A19103F-16F7-4668-BE54-9A1E7A4F7556}") = "IOQ9ET_HSZF_2024251.Persistence.MsSql", "IOQ9ET_HSZF_2024251.Persistence.MsSql\IOQ9ET_HSZF_2024251.Persistence.MsSql.csproj", "{494C9F04-FABE-4CAF-B304-07A4D8238492}"
EndProject
Project("{2150E333-8FDC-42A3-9474-1A3956D46DE8}") = "Application", "Application", "{56392475-FA65-4F99-A171-D5ACE8AEBF27}"
EndProject
Project("{2150E333-8FDC-42A3-9474-1A3956D46DE8}") = "Domain", "Domain", "{14448EE6-5221-4053-AA5E-2C4C143ED8D0}"
EndProject
Project("{2150E333-8FDC-42A3-9474-1A3956D46DE8}") = "Infrastructure", "Infrastructure", "{3C9F7044-314F-4491-92F8-299D8AB7B04A}"
EndProject
Project("{2150E333-8FDC-42A3-9474-1A3956D46DE8}") = "Presentation", "Presentation", "{38B0B3FC-1DEC-4401-B6FB-441A862A8E5C}"
EndProject
Project("{9A19103F-16F7-4668-BE54-9A1E7A4F7556}") = "IOQ9ET_HSZF_2024251.Console", "IOQ9ET_HSZF_2024251.Console\IOQ9ET_HSZF_2024251.Console.csproj", "{505E05BD-202A-47D8-BBBA-114DA8170904}"
EndProject
Project("{2150E333-8FDC-42A3-9474-1A3956D46DE8}") = "Tests", "Tests", "{AEC693D5-83BF-4402-8680-733CE9FC6C8A}"
EndProject
Project("{FAE04EC0-301F-11D3-BF4B-00C04F79EFBC}") = "IOQ9ET_HSZF_2024251.Tests", "IOQ9ET_HSZF_2024251.Tests\IOQ9ET_HSZF_2024251.Tests.csproj", "{2F91F1AB-AB6E-4C31-B8D4-F717623A9FE0}"
EndProject
Global
	GlobalSection(SolutionConfigurationPlatforms) = preSolution
		Debug|Any CPU = Debug|Any CPU
		Release|Any CPU = Release|Any CPU
	EndGlobalSection
	GlobalSection(ProjectConfigurationPlatforms) = postSolution
		{412F24FF-328A-465B-899E-6D61CF978EE6}.Debug|Any CPU.ActiveCfg = Debug|Any CPU
		{412F24FF-328A-465B-899E-6D61CF978EE6}.Debug|Any CPU.Build.0 = Debug|Any CPU
		{412F24FF-328A-465B-899E-6D61CF978EE6}.Release|Any CPU.ActiveCfg = Release|Any CPU
		{412F24FF-328A-465B-899E-6D61CF978EE6}.Release|Any CPU.Build.0 = Release|Any CPU
		{D9584731-EDED-4CC8-B977-31871DA05822}.Debug|Any CPU.ActiveCfg = Debug|Any CPU
		{D9584731-EDED-4CC8-B977-31871DA05822}.Debug|Any CPU.Build.0 = Debug|Any CPU
		{D9584731-EDED-4CC8-B977-31871DA05822}.Release|Any CPU.ActiveCfg = Release|Any CPU
		{D9584731-EDED-4CC8-B977-31871DA05822}.Release|Any CPU.Build.0 = Release|Any CPU
		{494C9F04-FABE-4CAF-B304-07A4D8238492}.Debug|Any CPU.ActiveCfg = Debug|Any CPU
		{494C9F04-FABE-4CAF-B304-07A4D8238492}.Debug|Any CPU.Build.0 = Debug|Any CPU
		{494C9F04-FABE-4CAF-B304-07A4D8238492}.Release|Any CPU.ActiveCfg = Release|Any CPU
		{494C9F04-FABE-4CAF-B304-07A4D8238492}.Release|Any CPU.Build.0 = Release|Any CPU
		{505E05BD-202A-47D8-BBBA-114DA8170904}.Debug|Any CPU.ActiveCfg = Debug|Any CPU
		{505E05BD-202A-47D8-BBBA-114DA8170904}.Debug|Any CPU.Build.0 = Debug|Any CPU
		{505E05BD-202A-47D8-BBBA-114DA8170904}.Release|Any CPU.ActiveCfg = Release|Any CPU
		{505E05BD-202A-47D8-BBBA-114DA8170904}.Release|Any CPU.Build.0 = Release|Any CPU
		{2F91F1AB-AB6E-4C31-B8D4-F717623A9FE0}.Debug|Any CPU.ActiveCfg = Debug|Any CPU
		{2F91F1AB-AB6E-4C31-B8D4-F717623A9FE0}.Debug|Any CPU.Build.0 = Debug|Any CPU
		{2F91F1AB-AB6E-4C31-B8D4-F717623A9FE0}.Release|Any CPU.ActiveCfg = Release|Any CPU
		{2F91F1AB-AB6E-4C31-B8D4-F717623A9FE0}.Release|Any CPU.Build.0 = Release|Any CPU
	EndGlobalSection
	GlobalSection(SolutionProperties) = preSolution
		HideSolutionNode = FALSE
	EndGlobalSection
	GlobalSection(NestedProjects) = preSolution
		{412F24FF-328A-465B-899E-6D61CF978EE6} = {56392475-FA65-4F99-A171-D5ACE8AEBF27}
		{D9584731-EDED-4CC8-B977-31871DA05822} = {14448EE6-5221-4053-AA5E-2C4C143ED8D0}
		{494C9F04-FABE-4CAF-B304-07A4D8238492} = {3C9F7044-314F-4491-92F8-299D8AB7B04A}
		{505E05BD-202A-47D8-BBBA-114DA8170904} = {38B0B3FC-1DEC-4401-B6FB-441A862A8E5C}
		{2F91F1AB-AB6E-4C31-B8D4-F717623A9FE0} = {AEC693D5-83BF-4402-8680-733CE9FC6C8A}
	EndGlobalSection
	GlobalSection(ExtensibilityGlobals) = postSolution
		SolutionGuid = {DF183A6E-D153-40F8-903F-3C0B785F8185}
	EndGlobalSection
EndGlobal
